
Microsoft Visual Studio Solution File, Format Version 12.00
# Visual Studio 15
Project("{FAE04EC0-301F-11D3-BF4B-00C04F79EFBC}") = "Assembly-CSharp", "Assembly-CSharp.csproj", "{3EE28443-E5CE-6E88-3024-36D016EC0A14}"
EndProject
Project("{FAE04EC0-301F-11D3-BF4B-00C04F79EFBC}") = "Assembly-CSharp-Editor", "Assembly-CSharp-Editor.csproj", "{CDE15656-B4C4-BA5F-868C-3E5BAF1092E8}"
EndProject
Global
	GlobalSection(SolutionConfigurationPlatforms) = preSolution
		Debug|Any CPU = Debug|Any CPU
		Release|Any CPU = Release|Any CPU
	EndGlobalSection
	GlobalSection(ProjectConfigurationPlatforms) = postSolution
		{3EE28443-E5CE-6E88-3024-36D016EC0A14}.Debug|Any CPU.ActiveCfg = Debug|Any CPU
		{3EE28443-E5CE-6E88-3024-36D016EC0A14}.Debug|Any CPU.Build.0 = Debug|Any CPU
		{3EE28443-E5CE-6E88-3024-36D016EC0A14}.Release|Any CPU.ActiveCfg = Release|Any CPU
		{3EE28443-E5CE-6E88-3024-36D016EC0A14}.Release|Any CPU.Build.0 = Release|Any CPU
		{CDE15656-B4C4-BA5F-868C-3E5BAF1092E8}.Debug|Any CPU.ActiveCfg = Debug|Any CPU
		{CDE15656-B4C4-BA5F-868C-3E5BAF1092E8}.Debug|Any CPU.Build.0 = Debug|Any CPU
		{CDE15656-B4C4-BA5F-868C-3E5BAF1092E8}.Release|Any CPU.ActiveCfg = Release|Any CPU
		{CDE15656-B4C4-BA5F-868C-3E5BAF1092E8}.Release|Any CPU.Build.0 = Release|Any CPU
	EndGlobalSection
	GlobalSection(SolutionProperties) = preSolution
		HideSolutionNode = FALSE
	EndGlobalSection
EndGlobal
